// !$*UTF8*$!
{
	archiveVersion = 1;
	classes = {
	};
	objectVersion = 46;
	objects = {

/* Begin PBXBuildFile section */
		9A06B5281BDC08B4009F2EEC /* PIRedditRESTControllerTests.m in Sources */ = {isa = PBXBuildFile; fileRef = 9A06B5271BDC08B4009F2EEC /* PIRedditRESTControllerTests.m */; };
		9A06B5311BDC23AD009F2EEC /* PIRedditSerializationStrategyTests.m in Sources */ = {isa = PBXBuildFile; fileRef = 9A06B5301BDC23AD009F2EEC /* PIRedditSerializationStrategyTests.m */; };
		9AC50A601BD8220900644F77 /* main.m in Sources */ = {isa = PBXBuildFile; fileRef = 9AC50A5F1BD8220900644F77 /* main.m */; };
		9AC50A631BD8220900644F77 /* AppDelegate.m in Sources */ = {isa = PBXBuildFile; fileRef = 9AC50A621BD8220900644F77 /* AppDelegate.m */; };
		9AC50A661BD8220900644F77 /* ViewController.m in Sources */ = {isa = PBXBuildFile; fileRef = 9AC50A651BD8220900644F77 /* ViewController.m */; };
		9AC50A6B1BD8220900644F77 /* Assets.xcassets in Resources */ = {isa = PBXBuildFile; fileRef = 9AC50A6A1BD8220900644F77 /* Assets.xcassets */; };
		9AC50A6E1BD8220900644F77 /* LaunchScreen.storyboard in Resources */ = {isa = PBXBuildFile; fileRef = 9AC50A6C1BD8220900644F77 /* LaunchScreen.storyboard */; };
		9AC7EBBC1BDC282D000949A0 /* PIRedditConstants.m in Sources */ = {isa = PBXBuildFile; fileRef = 9AC7EBB81BDC282D000949A0 /* PIRedditConstants.m */; };
		9AC7EBBF1BDEBF9D000949A0 /* PIRMockSession.m in Sources */ = {isa = PBXBuildFile; fileRef = 9AC7EBBE1BDEBF9D000949A0 /* PIRMockSession.m */; };
		9AC7EBC21BE15F8B000949A0 /* PIRedditNetworking.m in Sources */ = {isa = PBXBuildFile; fileRef = 9AC7EBC11BE15F8B000949A0 /* PIRedditNetworking.m */; };
		9AC7EBC61BE16620000949A0 /* TestAppDelegate.m in Sources */ = {isa = PBXBuildFile; fileRef = 9AC7EBC41BE16389000949A0 /* TestAppDelegate.m */; };
		9AC7EBC91BE4144E000949A0 /* PIRedditNetworkingTests.m in Sources */ = {isa = PBXBuildFile; fileRef = 9AC7EBC81BE4144E000949A0 /* PIRedditNetworkingTests.m */; };
		9AC7EBD21BE41F7B000949A0 /* PIRedditOperation.m in Sources */ = {isa = PBXBuildFile; fileRef = 9AC7EBCD1BE41F7B000949A0 /* PIRedditOperation.m */; };
		9AC7EBD31BE41F7B000949A0 /* PIRedditRESTController.m in Sources */ = {isa = PBXBuildFile; fileRef = 9AC7EBCF1BE41F7B000949A0 /* PIRedditRESTController.m */; };
		9AC7EBD41BE41F7B000949A0 /* PIRedditSerializationStrategy.m in Sources */ = {isa = PBXBuildFile; fileRef = 9AC7EBD11BE41F7B000949A0 /* PIRedditSerializationStrategy.m */; };
		9AEA7E4E1BDACD0200B015E0 /* PIRedditOperationTests.m in Sources */ = {isa = PBXBuildFile; fileRef = 9AEA7E4D1BDACD0200B015E0 /* PIRedditOperationTests.m */; };
		9AEA7E521BDAE05200B015E0 /* XCTest+PIReddit.m in Sources */ = {isa = PBXBuildFile; fileRef = 9AEA7E511BDAE05200B015E0 /* XCTest+PIReddit.m */; };
/* End PBXBuildFile section */

/* Begin PBXContainerItemProxy section */
		9AC50A751BD8220900644F77 /* PBXContainerItemProxy */ = {
			isa = PBXContainerItemProxy;
			containerPortal = 9AC50A531BD8220900644F77 /* Project object */;
			proxyType = 1;
			remoteGlobalIDString = 9AC50A5A1BD8220900644F77;
			remoteInfo = RedditClient;
		};
/* End PBXContainerItemProxy section */

/* Begin PBXFileReference section */
		9A06B5271BDC08B4009F2EEC /* PIRedditRESTControllerTests.m */ = {isa = PBXFileReference; fileEncoding = 4; lastKnownFileType = sourcecode.c.objc; path = PIRedditRESTControllerTests.m; sourceTree = "<group>"; };
		9A06B5301BDC23AD009F2EEC /* PIRedditSerializationStrategyTests.m */ = {isa = PBXFileReference; fileEncoding = 4; lastKnownFileType = sourcecode.c.objc; path = PIRedditSerializationStrategyTests.m; sourceTree = "<group>"; };
		9AC50A5B1BD8220900644F77 /* RedditClient.app */ = {isa = PBXFileReference; explicitFileType = wrapper.application; includeInIndex = 0; path = RedditClient.app; sourceTree = BUILT_PRODUCTS_DIR; };
		9AC50A5F1BD8220900644F77 /* main.m */ = {isa = PBXFileReference; lastKnownFileType = sourcecode.c.objc; path = main.m; sourceTree = "<group>"; };
		9AC50A611BD8220900644F77 /* AppDelegate.h */ = {isa = PBXFileReference; lastKnownFileType = sourcecode.c.h; path = AppDelegate.h; sourceTree = "<group>"; };
		9AC50A621BD8220900644F77 /* AppDelegate.m */ = {isa = PBXFileReference; lastKnownFileType = sourcecode.c.objc; path = AppDelegate.m; sourceTree = "<group>"; };
		9AC50A641BD8220900644F77 /* ViewController.h */ = {isa = PBXFileReference; lastKnownFileType = sourcecode.c.h; path = ViewController.h; sourceTree = "<group>"; };
		9AC50A651BD8220900644F77 /* ViewController.m */ = {isa = PBXFileReference; lastKnownFileType = sourcecode.c.objc; path = ViewController.m; sourceTree = "<group>"; };
		9AC50A6A1BD8220900644F77 /* Assets.xcassets */ = {isa = PBXFileReference; lastKnownFileType = folder.assetcatalog; path = Assets.xcassets; sourceTree = "<group>"; };
		9AC50A6D1BD8220900644F77 /* Base */ = {isa = PBXFileReference; lastKnownFileType = file.storyboard; name = Base; path = Base.lproj/LaunchScreen.storyboard; sourceTree = "<group>"; };
		9AC50A6F1BD8220900644F77 /* Info.plist */ = {isa = PBXFileReference; lastKnownFileType = text.plist.xml; path = Info.plist; sourceTree = "<group>"; };
		9AC50A741BD8220900644F77 /* RedditClientTests.xctest */ = {isa = PBXFileReference; explicitFileType = wrapper.cfbundle; includeInIndex = 0; path = RedditClientTests.xctest; sourceTree = BUILT_PRODUCTS_DIR; };
		9AC50A7A1BD8220900644F77 /* Info.plist */ = {isa = PBXFileReference; lastKnownFileType = text.plist.xml; path = Info.plist; sourceTree = "<group>"; };
		9AC50A831BD8314700644F77 /* PrefixHeader.pch */ = {isa = PBXFileReference; lastKnownFileType = sourcecode.c.h; path = PrefixHeader.pch; sourceTree = "<group>"; };
		9AC7EBB61BDC282D000949A0 /* PIRedditCommon.h */ = {isa = PBXFileReference; fileEncoding = 4; lastKnownFileType = sourcecode.c.h; path = PIRedditCommon.h; sourceTree = "<group>"; };
		9AC7EBB71BDC282D000949A0 /* PIRedditConstants.h */ = {isa = PBXFileReference; fileEncoding = 4; lastKnownFileType = sourcecode.c.h; path = PIRedditConstants.h; sourceTree = "<group>"; };
		9AC7EBB81BDC282D000949A0 /* PIRedditConstants.m */ = {isa = PBXFileReference; fileEncoding = 4; lastKnownFileType = sourcecode.c.objc; path = PIRedditConstants.m; sourceTree = "<group>"; };
		9AC7EBBD1BDEBF9D000949A0 /* PIRMockSession.h */ = {isa = PBXFileReference; fileEncoding = 4; lastKnownFileType = sourcecode.c.h; path = PIRMockSession.h; sourceTree = "<group>"; };
		9AC7EBBE1BDEBF9D000949A0 /* PIRMockSession.m */ = {isa = PBXFileReference; fileEncoding = 4; lastKnownFileType = sourcecode.c.objc; path = PIRMockSession.m; sourceTree = "<group>"; };
		9AC7EBC01BE15F8B000949A0 /* PIRedditNetworking.h */ = {isa = PBXFileReference; fileEncoding = 4; lastKnownFileType = sourcecode.c.h; path = PIRedditNetworking.h; sourceTree = "<group>"; };
		9AC7EBC11BE15F8B000949A0 /* PIRedditNetworking.m */ = {isa = PBXFileReference; fileEncoding = 4; lastKnownFileType = sourcecode.c.objc; path = PIRedditNetworking.m; sourceTree = "<group>"; };
		9AC7EBC31BE16389000949A0 /* TestAppDelegate.h */ = {isa = PBXFileReference; fileEncoding = 4; lastKnownFileType = sourcecode.c.h; path = TestAppDelegate.h; sourceTree = "<group>"; };
		9AC7EBC41BE16389000949A0 /* TestAppDelegate.m */ = {isa = PBXFileReference; fileEncoding = 4; lastKnownFileType = sourcecode.c.objc; path = TestAppDelegate.m; sourceTree = "<group>"; };
		9AC7EBC81BE4144E000949A0 /* PIRedditNetworkingTests.m */ = {isa = PBXFileReference; fileEncoding = 4; lastKnownFileType = sourcecode.c.objc; path = PIRedditNetworkingTests.m; sourceTree = "<group>"; };
		9AC7EBCB1BE41F7B000949A0 /* PIRedditNetworking_Private.h */ = {isa = PBXFileReference; fileEncoding = 4; lastKnownFileType = sourcecode.c.h; path = PIRedditNetworking_Private.h; sourceTree = "<group>"; };
		9AC7EBCC1BE41F7B000949A0 /* PIRedditOperation.h */ = {isa = PBXFileReference; fileEncoding = 4; lastKnownFileType = sourcecode.c.h; path = PIRedditOperation.h; sourceTree = "<group>"; };
		9AC7EBCD1BE41F7B000949A0 /* PIRedditOperation.m */ = {isa = PBXFileReference; fileEncoding = 4; lastKnownFileType = sourcecode.c.objc; path = PIRedditOperation.m; sourceTree = "<group>"; };
		9AC7EBCE1BE41F7B000949A0 /* PIRedditRESTController.h */ = {isa = PBXFileReference; fileEncoding = 4; lastKnownFileType = sourcecode.c.h; path = PIRedditRESTController.h; sourceTree = "<group>"; };
		9AC7EBCF1BE41F7B000949A0 /* PIRedditRESTController.m */ = {isa = PBXFileReference; fileEncoding = 4; lastKnownFileType = sourcecode.c.objc; path = PIRedditRESTController.m; sourceTree = "<group>"; };
		9AC7EBD01BE41F7B000949A0 /* PIRedditSerializationStrategy.h */ = {isa = PBXFileReference; fileEncoding = 4; lastKnownFileType = sourcecode.c.h; path = PIRedditSerializationStrategy.h; sourceTree = "<group>"; };
		9AC7EBD11BE41F7B000949A0 /* PIRedditSerializationStrategy.m */ = {isa = PBXFileReference; fileEncoding = 4; lastKnownFileType = sourcecode.c.objc; path = PIRedditSerializationStrategy.m; sourceTree = "<group>"; };
		9AEA7E4D1BDACD0200B015E0 /* PIRedditOperationTests.m */ = {isa = PBXFileReference; fileEncoding = 4; lastKnownFileType = sourcecode.c.objc; path = PIRedditOperationTests.m; sourceTree = "<group>"; };
		9AEA7E501BDAE05200B015E0 /* XCTest+PIReddit.h */ = {isa = PBXFileReference; fileEncoding = 4; lastKnownFileType = sourcecode.c.h; path = "XCTest+PIReddit.h"; sourceTree = "<group>"; };
		9AEA7E511BDAE05200B015E0 /* XCTest+PIReddit.m */ = {isa = PBXFileReference; fileEncoding = 4; lastKnownFileType = sourcecode.c.objc; path = "XCTest+PIReddit.m"; sourceTree = "<group>"; };
/* End PBXFileReference section */

/* Begin PBXFrameworksBuildPhase section */
		9AC50A581BD8220900644F77 /* Frameworks */ = {
			isa = PBXFrameworksBuildPhase;
			buildActionMask = 2147483647;
			files = (
			);
			runOnlyForDeploymentPostprocessing = 0;
		};
		9AC50A711BD8220900644F77 /* Frameworks */ = {
			isa = PBXFrameworksBuildPhase;
			buildActionMask = 2147483647;
			files = (
			);
			runOnlyForDeploymentPostprocessing = 0;
		};
/* End PBXFrameworksBuildPhase section */

/* Begin PBXGroup section */
		9AC50A521BD8220900644F77 = {
			isa = PBXGroup;
			children = (
				9AC50A5D1BD8220900644F77 /* RedditClient */,
				9AC50A771BD8220900644F77 /* RedditClientTests */,
				9AC50A5C1BD8220900644F77 /* Products */,
			);
			sourceTree = "<group>";
		};
		9AC50A5C1BD8220900644F77 /* Products */ = {
			isa = PBXGroup;
			children = (
				9AC50A5B1BD8220900644F77 /* RedditClient.app */,
				9AC50A741BD8220900644F77 /* RedditClientTests.xctest */,
			);
			name = Products;
			sourceTree = "<group>";
		};
		9AC50A5D1BD8220900644F77 /* RedditClient */ = {
			isa = PBXGroup;
			children = (
				9AC50A611BD8220900644F77 /* AppDelegate.h */,
				9AC50A621BD8220900644F77 /* AppDelegate.m */,
				9AC7EBAE1BDC282D000949A0 /* PIReddit */,
				9AC50A641BD8220900644F77 /* ViewController.h */,
				9AC50A651BD8220900644F77 /* ViewController.m */,
				9AC50A6A1BD8220900644F77 /* Assets.xcassets */,
				9AC50A6C1BD8220900644F77 /* LaunchScreen.storyboard */,
				9AC50A6F1BD8220900644F77 /* Info.plist */,
				9AC50A5E1BD8220900644F77 /* Supporting Files */,
				9AC50A831BD8314700644F77 /* PrefixHeader.pch */,
			);
			path = RedditClient;
			sourceTree = "<group>";
		};
		9AC50A5E1BD8220900644F77 /* Supporting Files */ = {
			isa = PBXGroup;
			children = (
				9AC50A5F1BD8220900644F77 /* main.m */,
			);
			name = "Supporting Files";
			sourceTree = "<group>";
		};
		9AC50A771BD8220900644F77 /* RedditClientTests */ = {
			isa = PBXGroup;
			children = (
				9AC7EBC81BE4144E000949A0 /* PIRedditNetworkingTests.m */,
				9A06B5271BDC08B4009F2EEC /* PIRedditRESTControllerTests.m */,
				9AEA7E4D1BDACD0200B015E0 /* PIRedditOperationTests.m */,
				9A06B5301BDC23AD009F2EEC /* PIRedditSerializationStrategyTests.m */,
				9AC7EBBD1BDEBF9D000949A0 /* PIRMockSession.h */,
				9AC7EBBE1BDEBF9D000949A0 /* PIRMockSession.m */,
				9AC50A7A1BD8220900644F77 /* Info.plist */,
				9AC7EBC31BE16389000949A0 /* TestAppDelegate.h */,
				9AC7EBC41BE16389000949A0 /* TestAppDelegate.m */,
				9AEA7E501BDAE05200B015E0 /* XCTest+PIReddit.h */,
				9AEA7E511BDAE05200B015E0 /* XCTest+PIReddit.m */,
			);
			path = RedditClientTests;
			sourceTree = "<group>";
		};
		9AC7EBAE1BDC282D000949A0 /* PIReddit */ = {
			isa = PBXGroup;
			children = (
				9AC7EBAF1BDC282D000949A0 /* Networking */,
				9AC7EBB61BDC282D000949A0 /* PIRedditCommon.h */,
				9AC7EBB71BDC282D000949A0 /* PIRedditConstants.h */,
				9AC7EBB81BDC282D000949A0 /* PIRedditConstants.m */,
			);
			path = PIReddit;
			sourceTree = SOURCE_ROOT;
		};
		9AC7EBAF1BDC282D000949A0 /* Networking */ = {
			isa = PBXGroup;
			children = (
				9AC7EBC01BE15F8B000949A0 /* PIRedditNetworking.h */,
				9AC7EBC11BE15F8B000949A0 /* PIRedditNetworking.m */,
				9AC7EBCA1BE41F7B000949A0 /* Private */,
			);
			path = Networking;
			sourceTree = "<group>";
		};
		9AC7EBCA1BE41F7B000949A0 /* Private */ = {
			isa = PBXGroup;
			children = (
				9AC7EBCB1BE41F7B000949A0 /* PIRedditNetworking_Private.h */,
				9AC7EBCC1BE41F7B000949A0 /* PIRedditOperation.h */,
				9AC7EBCD1BE41F7B000949A0 /* PIRedditOperation.m */,
				9AC7EBCE1BE41F7B000949A0 /* PIRedditRESTController.h */,
				9AC7EBCF1BE41F7B000949A0 /* PIRedditRESTController.m */,
				9AC7EBD01BE41F7B000949A0 /* PIRedditSerializationStrategy.h */,
				9AC7EBD11BE41F7B000949A0 /* PIRedditSerializationStrategy.m */,
			);
			path = Private;
			sourceTree = "<group>";
		};
/* End PBXGroup section */

/* Begin PBXNativeTarget section */
		9AC50A5A1BD8220900644F77 /* RedditClient */ = {
			isa = PBXNativeTarget;
			buildConfigurationList = 9AC50A7D1BD8220900644F77 /* Build configuration list for PBXNativeTarget "RedditClient" */;
			buildPhases = (
				9AC50A571BD8220900644F77 /* Sources */,
				9AC50A581BD8220900644F77 /* Frameworks */,
				9AC50A591BD8220900644F77 /* Resources */,
			);
			buildRules = (
			);
			dependencies = (
			);
			name = RedditClient;
			productName = RedditClient;
			productReference = 9AC50A5B1BD8220900644F77 /* RedditClient.app */;
			productType = "com.apple.product-type.application";
		};
		9AC50A731BD8220900644F77 /* RedditClientTests */ = {
			isa = PBXNativeTarget;
			buildConfigurationList = 9AC50A801BD8220900644F77 /* Build configuration list for PBXNativeTarget "RedditClientTests" */;
			buildPhases = (
				9AC50A701BD8220900644F77 /* Sources */,
				9AC50A711BD8220900644F77 /* Frameworks */,
				9AC50A721BD8220900644F77 /* Resources */,
			);
			buildRules = (
			);
			dependencies = (
				9AC50A761BD8220900644F77 /* PBXTargetDependency */,
			);
			name = RedditClientTests;
			productName = RedditClientTests;
			productReference = 9AC50A741BD8220900644F77 /* RedditClientTests.xctest */;
			productType = "com.apple.product-type.bundle.unit-test";
		};
/* End PBXNativeTarget section */

/* Begin PBXProject section */
		9AC50A531BD8220900644F77 /* Project object */ = {
			isa = PBXProject;
			attributes = {
				LastUpgradeCheck = 0700;
				ORGANIZATIONNAME = "Alexey Gordiyenko";
				TargetAttributes = {
					9AC50A5A1BD8220900644F77 = {
						CreatedOnToolsVersion = 7.0.1;
					};
					9AC50A731BD8220900644F77 = {
						CreatedOnToolsVersion = 7.0.1;
						TestTargetID = 9AC50A5A1BD8220900644F77;
					};
				};
			};
			buildConfigurationList = 9AC50A561BD8220900644F77 /* Build configuration list for PBXProject "RedditClient" */;
			compatibilityVersion = "Xcode 3.2";
			developmentRegion = English;
			hasScannedForEncodings = 0;
			knownRegions = (
				en,
				Base,
			);
			mainGroup = 9AC50A521BD8220900644F77;
			productRefGroup = 9AC50A5C1BD8220900644F77 /* Products */;
			projectDirPath = "";
			projectRoot = "";
			targets = (
				9AC50A5A1BD8220900644F77 /* RedditClient */,
				9AC50A731BD8220900644F77 /* RedditClientTests */,
			);
		};
/* End PBXProject section */

/* Begin PBXResourcesBuildPhase section */
		9AC50A591BD8220900644F77 /* Resources */ = {
			isa = PBXResourcesBuildPhase;
			buildActionMask = 2147483647;
			files = (
				9AC50A6E1BD8220900644F77 /* LaunchScreen.storyboard in Resources */,
				9AC50A6B1BD8220900644F77 /* Assets.xcassets in Resources */,
			);
			runOnlyForDeploymentPostprocessing = 0;
		};
		9AC50A721BD8220900644F77 /* Resources */ = {
			isa = PBXResourcesBuildPhase;
			buildActionMask = 2147483647;
			files = (
			);
			runOnlyForDeploymentPostprocessing = 0;
		};
/* End PBXResourcesBuildPhase section */

/* Begin PBXSourcesBuildPhase section */
		9AC50A571BD8220900644F77 /* Sources */ = {
			isa = PBXSourcesBuildPhase;
			buildActionMask = 2147483647;
			files = (
				9AC50A661BD8220900644F77 /* ViewController.m in Sources */,
				9AC7EBC61BE16620000949A0 /* TestAppDelegate.m in Sources */,
				9AC7EBD31BE41F7B000949A0 /* PIRedditRESTController.m in Sources */,
				9AC7EBBC1BDC282D000949A0 /* PIRedditConstants.m in Sources */,
				9AC7EBC21BE15F8B000949A0 /* PIRedditNetworking.m in Sources */,
				9AC50A631BD8220900644F77 /* AppDelegate.m in Sources */,
				9AC7EBD41BE41F7B000949A0 /* PIRedditSerializationStrategy.m in Sources */,
				9AC50A601BD8220900644F77 /* main.m in Sources */,
				9AC7EBD21BE41F7B000949A0 /* PIRedditOperation.m in Sources */,
			);
			runOnlyForDeploymentPostprocessing = 0;
		};
		9AC50A701BD8220900644F77 /* Sources */ = {
			isa = PBXSourcesBuildPhase;
			buildActionMask = 2147483647;
			files = (
				9AC7EBC91BE4144E000949A0 /* PIRedditNetworkingTests.m in Sources */,
				9A06B5311BDC23AD009F2EEC /* PIRedditSerializationStrategyTests.m in Sources */,
				9A06B5281BDC08B4009F2EEC /* PIRedditRESTControllerTests.m in Sources */,
				9AC7EBBF1BDEBF9D000949A0 /* PIRMockSession.m in Sources */,
				9AEA7E521BDAE05200B015E0 /* XCTest+PIReddit.m in Sources */,
				9AEA7E4E1BDACD0200B015E0 /* PIRedditOperationTests.m in Sources */,
			);
			runOnlyForDeploymentPostprocessing = 0;
		};
/* End PBXSourcesBuildPhase section */

/* Begin PBXTargetDependency section */
		9AC50A761BD8220900644F77 /* PBXTargetDependency */ = {
			isa = PBXTargetDependency;
			target = 9AC50A5A1BD8220900644F77 /* RedditClient */;
			targetProxy = 9AC50A751BD8220900644F77 /* PBXContainerItemProxy */;
		};
/* End PBXTargetDependency section */

/* Begin PBXVariantGroup section */
		9AC50A6C1BD8220900644F77 /* LaunchScreen.storyboard */ = {
			isa = PBXVariantGroup;
			children = (
				9AC50A6D1BD8220900644F77 /* Base */,
			);
			name = LaunchScreen.storyboard;
			sourceTree = "<group>";
		};
/* End PBXVariantGroup section */

/* Begin XCBuildConfiguration section */
		9AC50A7B1BD8220900644F77 /* Debug */ = {
			isa = XCBuildConfiguration;
			buildSettings = {
				ALWAYS_SEARCH_USER_PATHS = NO;
				CLANG_CXX_LANGUAGE_STANDARD = "gnu++0x";
				CLANG_CXX_LIBRARY = "libc++";
				CLANG_ENABLE_MODULES = YES;
				CLANG_ENABLE_OBJC_ARC = YES;
				CLANG_WARN_BOOL_CONVERSION = YES;
				CLANG_WARN_CONSTANT_CONVERSION = YES;
				CLANG_WARN_DIRECT_OBJC_ISA_USAGE = YES_ERROR;
				CLANG_WARN_EMPTY_BODY = YES;
				CLANG_WARN_ENUM_CONVERSION = YES;
				CLANG_WARN_INT_CONVERSION = YES;
				CLANG_WARN_OBJC_ROOT_CLASS = YES_ERROR;
				CLANG_WARN_UNREACHABLE_CODE = YES;
				CLANG_WARN__DUPLICATE_METHOD_MATCH = YES;
				"CODE_SIGN_IDENTITY[sdk=iphoneos*]" = "iPhone Developer";
				COPY_PHASE_STRIP = NO;
				DEBUG_INFORMATION_FORMAT = dwarf;
				ENABLE_STRICT_OBJC_MSGSEND = YES;
				ENABLE_TESTABILITY = YES;
				GCC_C_LANGUAGE_STANDARD = gnu99;
				GCC_DYNAMIC_NO_PIC = NO;
				GCC_NO_COMMON_BLOCKS = YES;
				GCC_OPTIMIZATION_LEVEL = 0;
				GCC_PREPROCESSOR_DEFINITIONS = (
					"DEBUG=1",
					"$(inherited)",
				);
				GCC_WARN_64_TO_32_BIT_CONVERSION = YES;
				GCC_WARN_ABOUT_RETURN_TYPE = YES_ERROR;
				GCC_WARN_UNDECLARED_SELECTOR = YES;
				GCC_WARN_UNINITIALIZED_AUTOS = YES_AGGRESSIVE;
				GCC_WARN_UNUSED_FUNCTION = YES;
				GCC_WARN_UNUSED_VARIABLE = YES;
				IPHONEOS_DEPLOYMENT_TARGET = 7.0;
				MTL_ENABLE_DEBUG_INFO = YES;
				ONLY_ACTIVE_ARCH = YES;
				SDKROOT = iphoneos;
				TARGETED_DEVICE_FAMILY = "1,2";
			};
			name = Debug;
		};
		9AC50A7C1BD8220900644F77 /* Release */ = {
			isa = XCBuildConfiguration;
			buildSettings = {
				ALWAYS_SEARCH_USER_PATHS = NO;
				CLANG_CXX_LANGUAGE_STANDARD = "gnu++0x";
				CLANG_CXX_LIBRARY = "libc++";
				CLANG_ENABLE_MODULES = YES;
				CLANG_ENABLE_OBJC_ARC = YES;
				CLANG_WARN_BOOL_CONVERSION = YES;
				CLANG_WARN_CONSTANT_CONVERSION = YES;
				CLANG_WARN_DIRECT_OBJC_ISA_USAGE = YES_ERROR;
				CLANG_WARN_EMPTY_BODY = YES;
				CLANG_WARN_ENUM_CONVERSION = YES;
				CLANG_WARN_INT_CONVERSION = YES;
				CLANG_WARN_OBJC_ROOT_CLASS = YES_ERROR;
				CLANG_WARN_UNREACHABLE_CODE = YES;
				CLANG_WARN__DUPLICATE_METHOD_MATCH = YES;
				"CODE_SIGN_IDENTITY[sdk=iphoneos*]" = "iPhone Developer";
				COPY_PHASE_STRIP = NO;
				DEBUG_INFORMATION_FORMAT = "dwarf-with-dsym";
				ENABLE_NS_ASSERTIONS = NO;
				ENABLE_STRICT_OBJC_MSGSEND = YES;
				GCC_C_LANGUAGE_STANDARD = gnu99;
				GCC_NO_COMMON_BLOCKS = YES;
				GCC_WARN_64_TO_32_BIT_CONVERSION = YES;
				GCC_WARN_ABOUT_RETURN_TYPE = YES_ERROR;
				GCC_WARN_UNDECLARED_SELECTOR = YES;
				GCC_WARN_UNINITIALIZED_AUTOS = YES_AGGRESSIVE;
				GCC_WARN_UNUSED_FUNCTION = YES;
				GCC_WARN_UNUSED_VARIABLE = YES;
				IPHONEOS_DEPLOYMENT_TARGET = 7.0;
				MTL_ENABLE_DEBUG_INFO = NO;
				SDKROOT = iphoneos;
				TARGETED_DEVICE_FAMILY = "1,2";
				VALIDATE_PRODUCT = YES;
			};
			name = Release;
		};
		9AC50A7E1BD8220900644F77 /* Debug */ = {
			isa = XCBuildConfiguration;
			buildSettings = {
				ASSETCATALOG_COMPILER_APPICON_NAME = AppIcon;
				GCC_PREFIX_HEADER = RedditClient/PrefixHeader.pch;
				INFOPLIST_FILE = RedditClient/Info.plist;
				LD_RUNPATH_SEARCH_PATHS = "$(inherited) @executable_path/Frameworks";
				PRODUCT_BUNDLE_IDENTIFIER = com.coffellas.RedditClient;
				PRODUCT_NAME = "$(TARGET_NAME)";
			};
			name = Debug;
		};
		9AC50A7F1BD8220900644F77 /* Release */ = {
			isa = XCBuildConfiguration;
			buildSettings = {
				ASSETCATALOG_COMPILER_APPICON_NAME = AppIcon;
				GCC_PREFIX_HEADER = RedditClient/PrefixHeader.pch;
				INFOPLIST_FILE = RedditClient/Info.plist;
				LD_RUNPATH_SEARCH_PATHS = "$(inherited) @executable_path/Frameworks";
				PRODUCT_BUNDLE_IDENTIFIER = com.coffellas.RedditClient;
				PRODUCT_NAME = "$(TARGET_NAME)";
			};
			name = Release;
		};
		9AC50A811BD8220900644F77 /* Debug */ = {
			isa = XCBuildConfiguration;
			buildSettings = {
				BUNDLE_LOADER = "$(TEST_HOST)";
				GCC_PREFIX_HEADER = RedditClient/PrefixHeader.pch;
				INFOPLIST_FILE = RedditClientTests/Info.plist;
				LD_RUNPATH_SEARCH_PATHS = "$(inherited) @executable_path/Frameworks @loader_path/Frameworks";
				PRODUCT_BUNDLE_IDENTIFIER = com.coffellas.RedditClientTests;
				PRODUCT_NAME = "$(TARGET_NAME)";
				TEST_HOST = "$(BUILT_PRODUCTS_DIR)/RedditClient.app/RedditClient";
			};
			name = Debug;
		};
		9AC50A821BD8220900644F77 /* Release */ = {
			isa = XCBuildConfiguration;
			buildSettings = {
				BUNDLE_LOADER = "$(TEST_HOST)";
				GCC_PREFIX_HEADER = RedditClient/PrefixHeader.pch;
				INFOPLIST_FILE = RedditClientTests/Info.plist;
				LD_RUNPATH_SEARCH_PATHS = "$(inherited) @executable_path/Frameworks @loader_path/Frameworks";
				PRODUCT_BUNDLE_IDENTIFIER = com.coffellas.RedditClientTests;
				PRODUCT_NAME = "$(TARGET_NAME)";
				TEST_HOST = "$(BUILT_PRODUCTS_DIR)/RedditClient.app/RedditClient";
			};
			name = Release;
		};
/* End XCBuildConfiguration section */

/* Begin XCConfigurationList section */
		9AC50A561BD8220900644F77 /* Build configuration list for PBXProject "RedditClient" */ = {
			isa = XCConfigurationList;
			buildConfigurations = (
				9AC50A7B1BD8220900644F77 /* Debug */,
				9AC50A7C1BD8220900644F77 /* Release */,
			);
			defaultConfigurationIsVisible = 0;
			defaultConfigurationName = Release;
		};
		9AC50A7D1BD8220900644F77 /* Build configuration list for PBXNativeTarget "RedditClient" */ = {
			isa = XCConfigurationList;
			buildConfigurations = (
				9AC50A7E1BD8220900644F77 /* Debug */,
				9AC50A7F1BD8220900644F77 /* Release */,
			);
			defaultConfigurationIsVisible = 0;
			defaultConfigurationName = Release;
		};
		9AC50A801BD8220900644F77 /* Build configuration list for PBXNativeTarget "RedditClientTests" */ = {
			isa = XCConfigurationList;
			buildConfigurations = (
				9AC50A811BD8220900644F77 /* Debug */,
				9AC50A821BD8220900644F77 /* Release */,
			);
			defaultConfigurationIsVisible = 0;
			defaultConfigurationName = Release;
		};
/* End XCConfigurationList section */
	};
	rootObject = 9AC50A531BD8220900644F77 /* Project object */;
}
